// !$*UTF8*$!
{
	archiveVersion = 1;
	classes = {
	};
	objectVersion = 77;
	objects = {

/* Begin PBXContainerItemProxy section */
		165350442D9CE080006BE3C2 /* PBXContainerItemProxy */ = {
			isa = PBXContainerItemProxy;
			containerPortal = 1653502B2D9CE07F006BE3C2 /* Project object */;
			proxyType = 1;
			remoteGlobalIDString = 165350322D9CE07F006BE3C2;
			remoteInfo = fuctionalkl;
		};
		1653504E2D9CE080006BE3C2 /* PBXContainerItemProxy */ = {
			isa = PBXContainerItemProxy;
			containerPortal = 1653502B2D9CE07F006BE3C2 /* Project object */;
			proxyType = 1;
			remoteGlobalIDString = 165350322D9CE07F006BE3C2;
			remoteInfo = fuctionalkl;
		};
/* End PBXContainerItemProxy section */

/* Begin PBXFileReference section */
		165350332D9CE07F006BE3C2 /* fuctionalkl.app */ = {isa = PBXFileReference; explicitFileType = wrapper.application; includeInIndex = 0; path = fuctionalkl.app; sourceTree = BUILT_PRODUCTS_DIR; };
		165350432D9CE080006BE3C2 /* fuctionalklTests.xctest */ = {isa = PBXFileReference; explicitFileType = wrapper.cfbundle; includeInIndex = 0; path = fuctionalklTests.xctest; sourceTree = BUILT_PRODUCTS_DIR; };
		1653504D2D9CE080006BE3C2 /* fuctionalklUITests.xctest */ = {isa = PBXFileReference; explicitFileType = wrapper.cfbundle; includeInIndex = 0; path = fuctionalklUITests.xctest; sourceTree = BUILT_PRODUCTS_DIR; };
/* End PBXFileReference section */

/* Begin PBXFileSystemSynchronizedRootGroup section */
		165350352D9CE07F006BE3C2 /* fuctionalkl */ = {
			isa = PBXFileSystemSynchronizedRootGroup;
			path = fuctionalkl;
			sourceTree = "<group>";
		};
		165350462D9CE080006BE3C2 /* fuctionalklTests */ = {
			isa = PBXFileSystemSynchronizedRootGroup;
			path = fuctionalklTests;
			sourceTree = "<group>";
		};
		165350502D9CE080006BE3C2 /* fuctionalklUITests */ = {
			isa = PBXFileSystemSynchronizedRootGroup;
			path = fuctionalklUITests;
			sourceTree = "<group>";
		};
/* End PBXFileSystemSynchronizedRootGroup section */

/* Begin PBXFrameworksBuildPhase section */
		165350302D9CE07F006BE3C2 /* Frameworks */ = {
			isa = PBXFrameworksBuildPhase;
			buildActionMask = 2147483647;
			files = (
			);
			runOnlyForDeploymentPostprocessing = 0;
		};
		165350402D9CE080006BE3C2 /* Frameworks */ = {
			isa = PBXFrameworksBuildPhase;
			buildActionMask = 2147483647;
			files = (
			);
			runOnlyForDeploymentPostprocessing = 0;
		};
		1653504A2D9CE080006BE3C2 /* Frameworks */ = {
			isa = PBXFrameworksBuildPhase;
			buildActionMask = 2147483647;
			files = (
			);
			runOnlyForDeploymentPostprocessing = 0;
		};
/* End PBXFrameworksBuildPhase section */

/* Begin PBXGroup section */
		1653502A2D9CE07F006BE3C2 = {
			isa = PBXGroup;
			children = (
				165350352D9CE07F006BE3C2 /* fuctionalkl */,
				165350462D9CE080006BE3C2 /* fuctionalklTests */,
				165350502D9CE080006BE3C2 /* fuctionalklUITests */,
				165350342D9CE07F006BE3C2 /* Products */,
			);
			sourceTree = "<group>";
		};
		165350342D9CE07F006BE3C2 /* Products */ = {
			isa = PBXGroup;
			children = (
				165350332D9CE07F006BE3C2 /* fuctionalkl.app */,
				165350432D9CE080006BE3C2 /* fuctionalklTests.xctest */,
				1653504D2D9CE080006BE3C2 /* fuctionalklUITests.xctest */,
			);
			name = Products;
			sourceTree = "<group>";
		};
/* End PBXGroup section */

/* Begin PBXNativeTarget section */
		165350322D9CE07F006BE3C2 /* fuctionalkl */ = {
			isa = PBXNativeTarget;
			buildConfigurationList = 165350572D9CE080006BE3C2 /* Build configuration list for PBXNativeTarget "fuctionalkl" */;
			buildPhases = (
				1653502F2D9CE07F006BE3C2 /* Sources */,
				165350302D9CE07F006BE3C2 /* Frameworks */,
				165350312D9CE07F006BE3C2 /* Resources */,
			);
			buildRules = (
			);
			dependencies = (
			);
			fileSystemSynchronizedGroups = (
				165350352D9CE07F006BE3C2 /* fuctionalkl */,
			);
			name = fuctionalkl;
			packageProductDependencies = (
			);
			productName = fuctionalkl;
			productReference = 165350332D9CE07F006BE3C2 /* fuctionalkl.app */;
			productType = "com.apple.product-type.application";
		};
		165350422D9CE080006BE3C2 /* fuctionalklTests */ = {
			isa = PBXNativeTarget;
			buildConfigurationList = 1653505A2D9CE080006BE3C2 /* Build configuration list for PBXNativeTarget "fuctionalklTests" */;
			buildPhases = (
				1653503F2D9CE080006BE3C2 /* Sources */,
				165350402D9CE080006BE3C2 /* Frameworks */,
				165350412D9CE080006BE3C2 /* Resources */,
			);
			buildRules = (
			);
			dependencies = (
				165350452D9CE080006BE3C2 /* PBXTargetDependency */,
			);
			fileSystemSynchronizedGroups = (
				165350462D9CE080006BE3C2 /* fuctionalklTests */,
			);
			name = fuctionalklTests;
			packageProductDependencies = (
			);
			productName = fuctionalklTests;
			productReference = 165350432D9CE080006BE3C2 /* fuctionalklTests.xctest */;
			productType = "com.apple.product-type.bundle.unit-test";
		};
		1653504C2D9CE080006BE3C2 /* fuctionalklUITests */ = {
			isa = PBXNativeTarget;
			buildConfigurationList = 1653505D2D9CE080006BE3C2 /* Build configuration list for PBXNativeTarget "fuctionalklUITests" */;
			buildPhases = (
				165350492D9CE080006BE3C2 /* Sources */,
				1653504A2D9CE080006BE3C2 /* Frameworks */,
				1653504B2D9CE080006BE3C2 /* Resources */,
			);
			buildRules = (
			);
			dependencies = (
				1653504F2D9CE080006BE3C2 /* PBXTargetDependency */,
			);
			fileSystemSynchronizedGroups = (
				165350502D9CE080006BE3C2 /* fuctionalklUITests */,
			);
			name = fuctionalklUITests;
			packageProductDependencies = (
			);
			productName = fuctionalklUITests;
			productReference = 1653504D2D9CE080006BE3C2 /* fuctionalklUITests.xctest */;
			productType = "com.apple.product-type.bundle.ui-testing";
		};
/* End PBXNativeTarget section */

/* Begin PBXProject section */
		1653502B2D9CE07F006BE3C2 /* Project object */ = {
			isa = PBXProject;
			attributes = {
				BuildIndependentTargetsInParallel = 1;
				LastSwiftUpdateCheck = 1620;
				LastUpgradeCheck = 1620;
				TargetAttributes = {
					165350322D9CE07F006BE3C2 = {
						CreatedOnToolsVersion = 16.2;
					};
					165350422D9CE080006BE3C2 = {
						CreatedOnToolsVersion = 16.2;
						TestTargetID = 165350322D9CE07F006BE3C2;
					};
					1653504C2D9CE080006BE3C2 = {
						CreatedOnToolsVersion = 16.2;
						TestTargetID = 165350322D9CE07F006BE3C2;
					};
				};
			};
			buildConfigurationList = 1653502E2D9CE07F006BE3C2 /* Build configuration list for PBXProject "fuctionalkl" */;
			developmentRegion = en;
			hasScannedForEncodings = 0;
			knownRegions = (
				en,
				Base,
			);
			mainGroup = 1653502A2D9CE07F006BE3C2;
			minimizedProjectReferenceProxies = 1;
			preferredProjectObjectVersion = 77;
			productRefGroup = 165350342D9CE07F006BE3C2 /* Products */;
			projectDirPath = "";
			projectRoot = "";
			targets = (
				165350322D9CE07F006BE3C2 /* fuctionalkl */,
				165350422D9CE080006BE3C2 /* fuctionalklTests */,
				1653504C2D9CE080006BE3C2 /* fuctionalklUITests */,
			);
		};
/* End PBXProject section */

/* Begin PBXResourcesBuildPhase section */
		165350312D9CE07F006BE3C2 /* Resources */ = {
			isa = PBXResourcesBuildPhase;
			buildActionMask = 2147483647;
			files = (
			);
			runOnlyForDeploymentPostprocessing = 0;
		};
		165350412D9CE080006BE3C2 /* Resources */ = {
			isa = PBXResourcesBuildPhase;
			buildActionMask = 2147483647;
			files = (
			);
			runOnlyForDeploymentPostprocessing = 0;
		};
		1653504B2D9CE080006BE3C2 /* Resources */ = {
			isa = PBXResourcesBuildPhase;
			buildActionMask = 2147483647;
			files = (
			);
			runOnlyForDeploymentPostprocessing = 0;
		};
/* End PBXResourcesBuildPhase section */

/* Begin PBXSourcesBuildPhase section */
		1653502F2D9CE07F006BE3C2 /* Sources */ = {
			isa = PBXSourcesBuildPhase;
			buildActionMask = 2147483647;
			files = (
			);
			runOnlyForDeploymentPostprocessing = 0;
		};
		1653503F2D9CE080006BE3C2 /* Sources */ = {
			isa = PBXSourcesBuildPhase;
			buildActionMask = 2147483647;
			files = (
			);
			runOnlyForDeploymentPostprocessing = 0;
		};
		165350492D9CE080006BE3C2 /* Sources */ = {
			isa = PBXSourcesBuildPhase;
			buildActionMask = 2147483647;
			files = (
			);
			runOnlyForDeploymentPostprocessing = 0;
		};
/* End PBXSourcesBuildPhase section */

/* Begin PBXTargetDependency section */
		165350452D9CE080006BE3C2 /* PBXTargetDependency */ = {
			isa = PBXTargetDependency;
			target = 165350322D9CE07F006BE3C2 /* fuctionalkl */;
			targetProxy = 165350442D9CE080006BE3C2 /* PBXContainerItemProxy */;
		};
		1653504F2D9CE080006BE3C2 /* PBXTargetDependency */ = {
			isa = PBXTargetDependency;
			target = 165350322D9CE07F006BE3C2 /* fuctionalkl */;
			targetProxy = 1653504E2D9CE080006BE3C2 /* PBXContainerItemProxy */;
		};
/* End PBXTargetDependency section */

/* Begin XCBuildConfiguration section */
		165350552D9CE080006BE3C2 /* Debug */ = {
			isa = XCBuildConfiguration;
			buildSettings = {
				ALWAYS_SEARCH_USER_PATHS = NO;
				ASSETCATALOG_COMPILER_GENERATE_SWIFT_ASSET_SYMBOL_EXTENSIONS = YES;
				CLANG_ANALYZER_NONNULL = YES;
				CLANG_ANALYZER_NUMBER_OBJECT_CONVERSION = YES_AGGRESSIVE;
				CLANG_CXX_LANGUAGE_STANDARD = "gnu++20";
				CLANG_ENABLE_MODULES = YES;
				CLANG_ENABLE_OBJC_ARC = YES;
				CLANG_ENABLE_OBJC_WEAK = YES;
				CLANG_WARN_BLOCK_CAPTURE_AUTORELEASING = YES;
				CLANG_WARN_BOOL_CONVERSION = YES;
				CLANG_WARN_COMMA = YES;
				CLANG_WARN_CONSTANT_CONVERSION = YES;
				CLANG_WARN_DEPRECATED_OBJC_IMPLEMENTATIONS = YES;
				CLANG_WARN_DIRECT_OBJC_ISA_USAGE = YES_ERROR;
				CLANG_WARN_DOCUMENTATION_COMMENTS = YES;
				CLANG_WARN_EMPTY_BODY = YES;
				CLANG_WARN_ENUM_CONVERSION = YES;
				CLANG_WARN_INFINITE_RECURSION = YES;
				CLANG_WARN_INT_CONVERSION = YES;
				CLANG_WARN_NON_LITERAL_NULL_CONVERSION = YES;
				CLANG_WARN_OBJC_IMPLICIT_RETAIN_SELF = YES;
				CLANG_WARN_OBJC_LITERAL_CONVERSION = YES;
				CLANG_WARN_OBJC_ROOT_CLASS = YES_ERROR;
				CLANG_WARN_QUOTED_INCLUDE_IN_FRAMEWORK_HEADER = YES;
				CLANG_WARN_RANGE_LOOP_ANALYSIS = YES;
				CLANG_WARN_STRICT_PROTOTYPES = YES;
				CLANG_WARN_SUSPICIOUS_MOVE = YES;
				CLANG_WARN_UNGUARDED_AVAILABILITY = YES_AGGRESSIVE;
				CLANG_WARN_UNREACHABLE_CODE = YES;
				CLANG_WARN__DUPLICATE_METHOD_MATCH = YES;
				COPY_PHASE_STRIP = NO;
				DEBUG_INFORMATION_FORMAT = dwarf;
				ENABLE_STRICT_OBJC_MSGSEND = YES;
				ENABLE_TESTABILITY = YES;
				ENABLE_USER_SCRIPT_SANDBOXING = YES;
				GCC_C_LANGUAGE_STANDARD = gnu17;
				GCC_DYNAMIC_NO_PIC = NO;
				GCC_NO_COMMON_BLOCKS = YES;
				GCC_OPTIMIZATION_LEVEL = 0;
				GCC_PREPROCESSOR_DEFINITIONS = (
					"DEBUG=1",
					"$(inherited)",
				);
				GCC_WARN_64_TO_32_BIT_CONVERSION = YES;
				GCC_WARN_ABOUT_RETURN_TYPE = YES_ERROR;
				GCC_WARN_UNDECLARED_SELECTOR = YES;
				GCC_WARN_UNINITIALIZED_AUTOS = YES_AGGRESSIVE;
				GCC_WARN_UNUSED_FUNCTION = YES;
				GCC_WARN_UNUSED_VARIABLE = YES;
				IPHONEOS_DEPLOYMENT_TARGET = 18.2;
				LOCALIZATION_PREFERS_STRING_CATALOGS = YES;
				MTL_ENABLE_DEBUG_INFO = INCLUDE_SOURCE;
				MTL_FAST_MATH = YES;
				ONLY_ACTIVE_ARCH = YES;
				SDKROOT = iphoneos;
				SWIFT_ACTIVE_COMPILATION_CONDITIONS = "DEBUG $(inherited)";
				SWIFT_OPTIMIZATION_LEVEL = "-Onone";
			};
			name = Debug;
		};
		165350562D9CE080006BE3C2 /* Release */ = {
			isa = XCBuildConfiguration;
			buildSettings = {
				ALWAYS_SEARCH_USER_PATHS = NO;
				ASSETCATALOG_COMPILER_GENERATE_SWIFT_ASSET_SYMBOL_EXTENSIONS = YES;
				CLANG_ANALYZER_NONNULL = YES;
				CLANG_ANALYZER_NUMBER_OBJECT_CONVERSION = YES_AGGRESSIVE;
				CLANG_CXX_LANGUAGE_STANDARD = "gnu++20";
				CLANG_ENABLE_MODULES = YES;
				CLANG_ENABLE_OBJC_ARC = YES;
				CLANG_ENABLE_OBJC_WEAK = YES;
				CLANG_WARN_BLOCK_CAPTURE_AUTORELEASING = YES;
				CLANG_WARN_BOOL_CONVERSION = YES;
				CLANG_WARN_COMMA = YES;
				CLANG_WARN_CONSTANT_CONVERSION = YES;
				CLANG_WARN_DEPRECATED_OBJC_IMPLEMENTATIONS = YES;
				CLANG_WARN_DIRECT_OBJC_ISA_USAGE = YES_ERROR;
				CLANG_WARN_DOCUMENTATION_COMMENTS = YES;
				CLANG_WARN_EMPTY_BODY = YES;
				CLANG_WARN_ENUM_CONVERSION = YES;
				CLANG_WARN_INFINITE_RECURSION = YES;
				CLANG_WARN_INT_CONVERSION = YES;
				CLANG_WARN_NON_LITERAL_NULL_CONVERSION = YES;
				CLANG_WARN_OBJC_IMPLICIT_RETAIN_SELF = YES;
				CLANG_WARN_OBJC_LITERAL_CONVERSION = YES;
				CLANG_WARN_OBJC_ROOT_CLASS = YES_ERROR;
				CLANG_WARN_QUOTED_INCLUDE_IN_FRAMEWORK_HEADER = YES;
				CLANG_WARN_RANGE_LOOP_ANALYSIS = YES;
				CLANG_WARN_STRICT_PROTOTYPES = YES;
				CLANG_WARN_SUSPICIOUS_MOVE = YES;
				CLANG_WARN_UNGUARDED_AVAILABILITY = YES_AGGRESSIVE;
				CLANG_WARN_UNREACHABLE_CODE = YES;
				CLANG_WARN__DUPLICATE_METHOD_MATCH = YES;
				COPY_PHASE_STRIP = NO;
				DEBUG_INFORMATION_FORMAT = "dwarf-with-dsym";
				ENABLE_NS_ASSERTIONS = NO;
				ENABLE_STRICT_OBJC_MSGSEND = YES;
				ENABLE_USER_SCRIPT_SANDBOXING = YES;
				GCC_C_LANGUAGE_STANDARD = gnu17;
				GCC_NO_COMMON_BLOCKS = YES;
				GCC_WARN_64_TO_32_BIT_CONVERSION = YES;
				GCC_WARN_ABOUT_RETURN_TYPE = YES_ERROR;
				GCC_WARN_UNDECLARED_SELECTOR = YES;
				GCC_WARN_UNINITIALIZED_AUTOS = YES_AGGRESSIVE;
				GCC_WARN_UNUSED_FUNCTION = YES;
				GCC_WARN_UNUSED_VARIABLE = YES;
				IPHONEOS_DEPLOYMENT_TARGET = 18.2;
				LOCALIZATION_PREFERS_STRING_CATALOGS = YES;
				MTL_ENABLE_DEBUG_INFO = NO;
				MTL_FAST_MATH = YES;
				SDKROOT = iphoneos;
				SWIFT_COMPILATION_MODE = wholemodule;
				VALIDATE_PRODUCT = YES;
			};
			name = Release;
		};
		165350582D9CE080006BE3C2 /* Debug */ = {
			isa = XCBuildConfiguration;
			buildSettings = {
				ASSETCATALOG_COMPILER_APPICON_NAME = AppIcon;
				ASSETCATALOG_COMPILER_GLOBAL_ACCENT_COLOR_NAME = AccentColor;
				CODE_SIGN_STYLE = Automatic;
				CURRENT_PROJECT_VERSION = 1;
				DEVELOPMENT_ASSET_PATHS = "\"fuctionalkl/Preview Content\"";
				ENABLE_PREVIEWS = YES;
				GENERATE_INFOPLIST_FILE = YES;
				INFOPLIST_KEY_UIApplicationSceneManifest_Generation = YES;
				INFOPLIST_KEY_UIApplicationSupportsIndirectInputEvents = YES;
				INFOPLIST_KEY_UILaunchScreen_Generation = YES;
				INFOPLIST_KEY_UISupportedInterfaceOrientations_iPad = "UIInterfaceOrientationPortrait UIInterfaceOrientationPortraitUpsideDown UIInterfaceOrientationLandscapeLeft UIInterfaceOrientationLandscapeRight";
				INFOPLIST_KEY_UISupportedInterfaceOrientations_iPhone = "UIInterfaceOrientationPortrait UIInterfaceOrientationLandscapeLeft UIInterfaceOrientationLandscapeRight";
				LD_RUNPATH_SEARCH_PATHS = (
					"$(inherited)",
					"@executable_path/Frameworks",
				);
				MARKETING_VERSION = 1.0;
				PRODUCT_BUNDLE_IDENTIFIER = klaritios.fuctionalkl;
				PRODUCT_NAME = "$(TARGET_NAME)";
				SWIFT_EMIT_LOC_STRINGS = YES;
				SWIFT_VERSION = 5.0;
				TARGETED_DEVICE_FAMILY = "1,2";
			};
			name = Debug;
		};
		165350592D9CE080006BE3C2 /* Release */ = {
			isa = XCBuildConfiguration;
			buildSettings = {
				ASSETCATALOG_COMPILER_APPICON_NAME = AppIcon;
				ASSETCATALOG_COMPILER_GLOBAL_ACCENT_COLOR_NAME = AccentColor;
				CODE_SIGN_STYLE = Automatic;
				CURRENT_PROJECT_VERSION = 1;
				DEVELOPMENT_ASSET_PATHS = "\"fuctionalkl/Preview Content\"";
				ENABLE_PREVIEWS = YES;
				GENERATE_INFOPLIST_FILE = YES;
				INFOPLIST_KEY_UIApplicationSceneManifest_Generation = YES;
				INFOPLIST_KEY_UIApplicationSupportsIndirectInputEvents = YES;
				INFOPLIST_KEY_UILaunchScreen_Generation = YES;
				INFOPLIST_KEY_UISupportedInterfaceOrientations_iPad = "UIInterfaceOrientationPortrait UIInterfaceOrientationPortraitUpsideDown UIInterfaceOrientationLandscapeLeft UIInterfaceOrientationLandscapeRight";
				INFOPLIST_KEY_UISupportedInterfaceOrientations_iPhone = "UIInterfaceOrientationPortrait UIInterfaceOrientationLandscapeLeft UIInterfaceOrientationLandscapeRight";
				LD_RUNPATH_SEARCH_PATHS = (
					"$(inherited)",
					"@executable_path/Frameworks",
				);
				MARKETING_VERSION = 1.0;
				PRODUCT_BUNDLE_IDENTIFIER = klaritios.fuctionalkl;
				PRODUCT_NAME = "$(TARGET_NAME)";
				SWIFT_EMIT_LOC_STRINGS = YES;
				SWIFT_VERSION = 5.0;
				TARGETED_DEVICE_FAMILY = "1,2";
			};
			name = Release;
		};
		1653505B2D9CE080006BE3C2 /* Debug */ = {
			isa = XCBuildConfiguration;
			buildSettings = {
				BUNDLE_LOADER = "$(TEST_HOST)";
				CODE_SIGN_STYLE = Automatic;
				CURRENT_PROJECT_VERSION = 1;
				GENERATE_INFOPLIST_FILE = YES;
				IPHONEOS_DEPLOYMENT_TARGET = 18.2;
				MARKETING_VERSION = 1.0;
				PRODUCT_BUNDLE_IDENTIFIER = klaritios.fuctionalklTests;
				PRODUCT_NAME = "$(TARGET_NAME)";
				SWIFT_EMIT_LOC_STRINGS = NO;
				SWIFT_VERSION = 5.0;
				TARGETED_DEVICE_FAMILY = "1,2";
				TEST_HOST = "$(BUILT_PRODUCTS_DIR)/fuctionalkl.app/$(BUNDLE_EXECUTABLE_FOLDER_PATH)/fuctionalkl";
			};
			name = Debug;
		};
		1653505C2D9CE080006BE3C2 /* Release */ = {
			isa = XCBuildConfiguration;
			buildSettings = {
				BUNDLE_LOADER = "$(TEST_HOST)";
				CODE_SIGN_STYLE = Automatic;
				CURRENT_PROJECT_VERSION = 1;
				GENERATE_INFOPLIST_FILE = YES;
				IPHONEOS_DEPLOYMENT_TARGET = 18.2;
				MARKETING_VERSION = 1.0;
				PRODUCT_BUNDLE_IDENTIFIER = klaritios.fuctionalklTests;
				PRODUCT_NAME = "$(TARGET_NAME)";
				SWIFT_EMIT_LOC_STRINGS = NO;
				SWIFT_VERSION = 5.0;
				TARGETED_DEVICE_FAMILY = "1,2";
				TEST_HOST = "$(BUILT_PRODUCTS_DIR)/fuctionalkl.app/$(BUNDLE_EXECUTABLE_FOLDER_PATH)/fuctionalkl";
			};
			name = Release;
		};
		1653505E2D9CE080006BE3C2 /* Debug */ = {
			isa = XCBuildConfiguration;
			buildSettings = {
				CODE_SIGN_STYLE = Automatic;
				CURRENT_PROJECT_VERSION = 1;
				GENERATE_INFOPLIST_FILE = YES;
				MARKETING_VERSION = 1.0;
				PRODUCT_BUNDLE_IDENTIFIER = klaritios.fuctionalklUITests;
				PRODUCT_NAME = "$(TARGET_NAME)";
				SWIFT_EMIT_LOC_STRINGS = NO;
				SWIFT_VERSION = 5.0;
				TARGETED_DEVICE_FAMILY = "1,2";
				TEST_TARGET_NAME = fuctionalkl;
			};
			name = Debug;
		};
		1653505F2D9CE080006BE3C2 /* Release */ = {
			isa = XCBuildConfiguration;
			buildSettings = {
				CODE_SIGN_STYLE = Automatic;
				CURRENT_PROJECT_VERSION = 1;
				GENERATE_INFOPLIST_FILE = YES;
				MARKETING_VERSION = 1.0;
				PRODUCT_BUNDLE_IDENTIFIER = klaritios.fuctionalklUITests;
				PRODUCT_NAME = "$(TARGET_NAME)";
				SWIFT_EMIT_LOC_STRINGS = NO;
				SWIFT_VERSION = 5.0;
				TARGETED_DEVICE_FAMILY = "1,2";
				TEST_TARGET_NAME = fuctionalkl;
			};
			name = Release;
		};
/* End XCBuildConfiguration section */

/* Begin XCConfigurationList section */
		1653502E2D9CE07F006BE3C2 /* Build configuration list for PBXProject "fuctionalkl" */ = {
			isa = XCConfigurationList;
			buildConfigurations = (
				165350552D9CE080006BE3C2 /* Debug */,
				165350562D9CE080006BE3C2 /* Release */,
			);
			defaultConfigurationIsVisible = 0;
			defaultConfigurationName = Release;
		};
		165350572D9CE080006BE3C2 /* Build configuration list for PBXNativeTarget "fuctionalkl" */ = {
			isa = XCConfigurationList;
			buildConfigurations = (
				165350582D9CE080006BE3C2 /* Debug */,
				165350592D9CE080006BE3C2 /* Release */,
			);
			defaultConfigurationIsVisible = 0;
			defaultConfigurationName = Release;
		};
		1653505A2D9CE080006BE3C2 /* Build configuration list for PBXNativeTarget "fuctionalklTests" */ = {
			isa = XCConfigurationList;
			buildConfigurations = (
				1653505B2D9CE080006BE3C2 /* Debug */,
				1653505C2D9CE080006BE3C2 /* Release */,
			);
			defaultConfigurationIsVisible = 0;
			defaultConfigurationName = Release;
		};
		1653505D2D9CE080006BE3C2 /* Build configuration list for PBXNativeTarget "fuctionalklUITests" */ = {
			isa = XCConfigurationList;
			buildConfigurations = (
				1653505E2D9CE080006BE3C2 /* Debug */,
				1653505F2D9CE080006BE3C2 /* Release */,
			);
			defaultConfigurationIsVisible = 0;
			defaultConfigurationName = Release;
		};
/* End XCConfigurationList section */
	};
	rootObject = 1653502B2D9CE07F006BE3C2 /* Project object */;
}
